PATH
  remote: .
  specs:
    mdv (0.2.0)
      base64
      commonmarker

GEM
  remote: https://rubygems.org/
  specs:
    base64 (0.3.0)
    commonmarker (2.10.0-aarch64-linux)
    commonmarker (2.10.0-aarch64-linux-musl)
    commonmarker (2.10.0-arm-linux-gnu)
    commonmarker (2.10.0-arm64-darwin)
    commonmarker (2.10.0-x86_64-darwin)
    commonmarker (2.10.0-x86_64-linux)
    commonmarker (2.10.0-x86_64-linux-musl)

PLATFORMS
  aarch64-linux
  aarch64-linux-musl
  arm-linux-gnu
  arm64-darwin
  x86_64-darwin
  x86_64-linux
  x86_64-linux-musl

DEPENDENCIES
  mdv!

CHECKSUMS
  base64 (0.3.0) sha256=27337aeabad6ffae05c265c450490628ef3ebd4b67be58257393227588f5a97b
  bundler (4.0.18) sha256=02d9a17429de1847b4e0c9f27a9ee4b20c0a74c0a641b4e77195d6019e3618ac
  commonmarker (2.10.0-aarch64-linux) sha256=eeb167dea203dee066eb0dd99b3fd2deb526c8b5e7297ad385f7a5d60f869478
  commonmarker (2.10.0-aarch64-linux-musl) sha256=e95d9e87ea6306e21ffa11855a7bb55518538143b23a227fe3bb00b41873ce25
  commonmarker (2.10.0-arm-linux-gnu) sha256=2165642969df6816625c5fa4470a8959345d715daf96dd063fc56913fdbb1b90
  commonmarker (2.10.0-arm64-darwin) sha256=39ecc891d1e4308b5233cc28b40383de854a2bfbefe17d68e49174347a8aa79e
  commonmarker (2.10.0-x86_64-darwin) sha256=01e0830ed0319825ecdc16411c90acd3f661d1568dfc178731b3f64d0ce2363d
  commonmarker (2.10.0-x86_64-linux) sha256=945c510c0bfca9022245928e2248468fe3ddad58c939be0c37b20082cc392880
  commonmarker (2.10.0-x86_64-linux-musl) sha256=288cd4fb9f17eed2ffa73551ef241dcf594e0f484b2aee2a0999540333c0618e
  mdv (0.2.0)

BUNDLED WITH
  4.0.18
